
Microsoft Visual Studio Solution File, Format Version 12.00
# Visual Studio Version 16
VisualStudioVersion = 16.0.30011.22
MinimumVisualStudioVersion = 10.0.40219.1
Project("{FAE04EC0-301F-11D3-BF4B-00C04F79EFBC}") = "OperateBigNumbers", "OperateBigNumbers.csproj", "{07AEA62F-3831-47D6-9DB9-7E4053E1C3FE}"
EndProject
Global
	GlobalSection(SolutionConfigurationPlatforms) = preSolution
		Debug|Any CPU = Debug|Any CPU
		Release|Any CPU = Release|Any CPU
	EndGlobalSection
	GlobalSection(ProjectConfigurationPlatforms) = postSolution
		{07AEA62F-3831-47D6-9DB9-7E4053E1C3FE}.Debug|Any CPU.ActiveCfg = Debug|Any CPU
		{07AEA62F-3831-47D6-9DB9-7E4053E1C3FE}.Debug|Any CPU.Build.0 = Debug|Any CPU
		{07AEA62F-3831-47D6-9DB9-7E4053E1C3FE}.Release|Any CPU.ActiveCfg = Release|Any CPU
		{07AEA62F-3831-47D6-9DB9-7E4053E1C3FE}.Release|Any CPU.Build.0 = Release|Any CPU
	EndGlobalSection
	GlobalSection(SolutionProperties) = preSolution
		HideSolutionNode = FALSE
	EndGlobalSection
	GlobalSection(ExtensibilityGlobals) = postSolution
		SolutionGuid = {0538950C-A524-4444-90E1-40D88EECD15B}
	EndGlobalSection
EndGlobal
